
Microsoft Visual Studio Solution File, Format Version 12.00
# Visual Studio Version 17
VisualStudioVersion = 17.8.34525.116
MinimumVisualStudioVersion = 10.0.40219.1
Project("{9A19103F-16F7-4668-BE54-9A1E7A4F7556}") = "APP", "APP.csproj", "{D90C0E65-CB2C-44FD-A471-6A91313434EE}"
EndProject
Global
	GlobalSection(SolutionConfigurationPlatforms) = preSolution
		Debug|Any CPU = Debug|Any CPU
		Release|Any CPU = Release|Any CPU
	EndGlobalSection
	GlobalSection(ProjectConfigurationPlatforms) = postSolution
		{D90C0E65-CB2C-44FD-A471-6A91313434EE}.Debug|Any CPU.ActiveCfg = Debug|Any CPU
		{D90C0E65-CB2C-44FD-A471-6A91313434EE}.Debug|Any CPU.Build.0 = Debug|Any CPU
		{D90C0E65-CB2C-44FD-A471-6A91313434EE}.Release|Any CPU.ActiveCfg = Release|Any CPU
		{D90C0E65-CB2C-44FD-A471-6A91313434EE}.Release|Any CPU.Build.0 = Release|Any CPU
	EndGlobalSection
	GlobalSection(SolutionProperties) = preSolution
		HideSolutionNode = FALSE
	EndGlobalSection
	GlobalSection(ExtensibilityGlobals) = postSolution
		SolutionGuid = {E5FB462B-C02B-4E58-BABE-9B578D89B4FD}
	EndGlobalSection
EndGlobal
